{
  "name": "loro-wasm",
  "version": "0.4.1",
  "lockfileVersion": 3,
  "requires": true,
  "packages": {
    "": {
      "name": "loro-wasm",
      "version": "0.4.1",
      "license": "ISC",
      "devDependencies": {
        "vite-plugin-top-level-await": "^1.2.2",
        "vite-plugin-wasm": "^3.1.0"
      }
    },
    "../../node_modules/.pnpm/vite-plugin-top-level-await@1.3.0_vite@4.5.0/node_modules/vite-plugin-top-level-await": {
      "version": "1.3.0",
      "dev": true,
      "license": "MIT",
      "dependencies": {
        "@rollup/plugin-virtual": "^3.0.1",
        "@swc/core": "^1.3.10",
        "uuid": "^9.0.0"
      },
      "devDependencies": {
        "@types/jest": "^29.2.0",
        "@types/uuid": "^9.0.0",
        "cz-conventional-changelog": "^3.3.0",
        "esbuild": "^0.15.12",
        "jest": "^29.2.1",
        "jest-extended": "^3.1.0",
        "prettier": "^2.7.1",
        "ts-jest": "^29.0.3",
        "typescript": "^4.8.4",
        "vite": "^3.1.8"
      },
      "peerDependencies": {
        "vite": ">=2.8"
      }
    },
    "../../node_modules/.pnpm/vite-plugin-wasm@3.2.2_vite@4.5.0/node_modules/vite-plugin-wasm": {
      "version": "3.2.2",
      "dev": true,
      "license": "MIT",
      "devDependencies": {
        "@babel/preset-env": "^7.20.2",
        "@jest/types": "^28.1.3",
        "@jsona/openapi": "^0.2.5",
        "@syntect/wasm": "^0.0.4",
        "@types/express": "^4.17.13",
        "@types/jest": "^28.1.5",
        "cross-env": "^7.0.3",
        "cz-conventional-changelog": "^3.3.0",
        "esbuild": "^0.15.12",
        "express": "^4.18.1",
        "jest": "^28.1.3",
        "jest-extended": "^3.0.1",
        "playwright": "^1.23.3",
        "prettier": "^2.7.1",
        "terser": "^5.14.2",
        "ts-jest": "^28.0.7",
        "typescript": "^4.7.4",
        "vite": "^4.1.4",
        "wait-port": "^1.0.4"
      },
      "peerDependencies": {
        "vite": "^2 || ^3 || ^4"
      }
    },
    "node_modules/vite-plugin-top-level-await": {
      "resolved": "../../node_modules/.pnpm/vite-plugin-top-level-await@1.3.0_vite@4.5.0/node_modules/vite-plugin-top-level-await",
      "link": true
    },
    "node_modules/vite-plugin-wasm": {
      "resolved": "../../node_modules/.pnpm/vite-plugin-wasm@3.2.2_vite@4.5.0/node_modules/vite-plugin-wasm",
      "link": true
    }
  }
}
